
Microsoft Visual Studio Solution File, Format Version 12.00
# Visual Studio Version 17
VisualStudioVersion = 17.1.32228.430
MinimumVisualStudioVersion = 10.0.40219.1
Project("{FAE04EC0-301F-11D3-BF4B-00C04F79EFBC}") = "music-chat", "music-chat.csproj", "{59F09DD7-8404-483D-BF9D-94785CB992DE}"
EndProject
Global
	GlobalSection(SolutionConfigurationPlatforms) = preSolution
		Debug|Any CPU = Debug|Any CPU
		Release|Any CPU = Release|Any CPU
	EndGlobalSection
	GlobalSection(ProjectConfigurationPlatforms) = postSolution
		{59F09DD7-8404-483D-BF9D-94785CB992DE}.Debug|Any CPU.ActiveCfg = Debug|Any CPU
		{59F09DD7-8404-483D-BF9D-94785CB992DE}.Debug|Any CPU.Build.0 = Debug|Any CPU
		{59F09DD7-8404-483D-BF9D-94785CB992DE}.Release|Any CPU.ActiveCfg = Release|Any CPU
		{59F09DD7-8404-483D-BF9D-94785CB992DE}.Release|Any CPU.Build.0 = Release|Any CPU
	EndGlobalSection
	GlobalSection(SolutionProperties) = preSolution
		HideSolutionNode = FALSE
	EndGlobalSection
	GlobalSection(ExtensibilityGlobals) = postSolution
		SolutionGuid = {876683EE-5EA6-4115-A977-98E3438B8024}
	EndGlobalSection
EndGlobal
